
Microsoft Visual Studio Solution File, Format Version 12.00
# Visual Studio 15
VisualStudioVersion = 15.0.27428.2037
MinimumVisualStudioVersion = 10.0.40219.1
Project("{8BC9CEB8-8B4A-11D0-8D11-00A0C91BC942}") = "Tut01_CreateDevice", "Tut01_CreateDevice\Tut01_CreateDevice.vcxproj", "{B52CF58C-652D-412B-83FB-A388BA4DE6C6}"
EndProject
Project("{8BC9CEB8-8B4A-11D0-8D11-00A0C91BC942}") = "Tut02_Vertices", "Tut02_Vertices\Tut02_Vertices.vcxproj", "{70FE429F-770C-4956-BD15-7D31FC00F71D}"
EndProject
Project("{8BC9CEB8-8B4A-11D0-8D11-00A0C91BC942}") = "Tut03_Matrices", "Tut03_Matrices\Tut03_Matrices.vcxproj", "{0F8CCEB3-1D0F-44A5-8E20-4A1E5EED9672}"
EndProject
Project("{8BC9CEB8-8B4A-11D0-8D11-00A0C91BC942}") = "Tut04_Lights", "Tut04_Lights\Tut04_Lights.vcxproj", "{B3EFA6AD-55F1-4D3A-B904-6F1ADAF89B41}"
EndProject
Project("{8BC9CEB8-8B4A-11D0-8D11-00A0C91BC942}") = "Tut05_Textures", "Tut05_Textures\Tut05_Textures.vcxproj", "{72534B2A-3F08-4603-97D8-6523F6EB2267}"
EndProject
Project("{8BC9CEB8-8B4A-11D0-8D11-00A0C91BC942}") = "Tut06_Meshes", "Tut06_Meshes\Tut06_Meshes.vcxproj", "{1B048E3E-1E3C-499D-95BB-E37CCE5B274D}"
EndProject
Project("{8BC9CEB8-8B4A-11D0-8D11-00A0C91BC942}") = "Tut07_IndexBuffer", "Tut07_IndexBuffer\Tut07_IndexBuffer.vcxproj", "{8A5673A6-C47F-411E-BA1D-9A694BF5A0A9}"
EndProject
Project("{8BC9CEB8-8B4A-11D0-8D11-00A0C91BC942}") = "Direct3D-초기화", "Direct3D\Direct3D.vcxproj", "{632F5664-7A86-46A3-BEC6-1013A473BB0C}"
EndProject
Project("{8BC9CEB8-8B4A-11D0-8D11-00A0C91BC942}") = "DXUT_Camera Control", "DXUT_Camera Control\DXUT_Camera Control_2010.vcxproj", "{D3D09108-96D0-4629-88B8-122C0256058C}"
EndProject
Project("{8BC9CEB8-8B4A-11D0-8D11-00A0C91BC942}") = "LightMap", "LightMap\LightMap.vcxproj", "{93F1BF40-4C3A-486E-AAD1-F04A1CBA3A33}"
EndProject
Project("{8BC9CEB8-8B4A-11D0-8D11-00A0C91BC942}") = "Billboard", "Billboard\Billboard.vcxproj", "{C00D223E-E3C0-48AB-9F1E-35A4DB83015E}"
EndProject
Project("{8BC9CEB8-8B4A-11D0-8D11-00A0C91BC942}") = "Hierarchy", "Hierarchy\Hierarchy.vcxproj", "{4614F0BB-A6B7-4073-96D8-D717C2BFD4CD}"
EndProject
Project("{8BC9CEB8-8B4A-11D0-8D11-00A0C91BC942}") = "NormalMap", "NormalMap\NormalMap.vcxproj", "{C369197F-B4F9-45C0-A2AC-9234FC13EC6F}"
EndProject
Project("{8BC9CEB8-8B4A-11D0-8D11-00A0C91BC942}") = "Animate", "Animate\Animate.vcxproj", "{0D58E4F5-41B4-4BB6-ADB5-A14E019B7AB0}"
EndProject
Project("{8BC9CEB8-8B4A-11D0-8D11-00A0C91BC942}") = "Skinning", "Skinning\Skinning.vcxproj", "{4628DACF-F695-4467-A514-935D9D2D53B4}"
EndProject
Project("{8BC9CEB8-8B4A-11D0-8D11-00A0C91BC942}") = "HeightMap", "HeightMap\HeightMap.vcxproj", "{76F0F685-1CD5-4BED-BE9E-6A4B4AA4025F}"
EndProject
Project("{8BC9CEB8-8B4A-11D0-8D11-00A0C91BC942}") = "Camera", "Camera\Camera.vcxproj", "{161B34FA-20E6-4465-A558-41F1CD58EB9C}"
EndProject
Global
	GlobalSection(SolutionConfigurationPlatforms) = preSolution
		Debug|x64 = Debug|x64
		Debug|x86 = Debug|x86
		Profile|x64 = Profile|x64
		Profile|x86 = Profile|x86
		Release|x64 = Release|x64
		Release|x86 = Release|x86
	EndGlobalSection
	GlobalSection(ProjectConfigurationPlatforms) = postSolution
		{B52CF58C-652D-412B-83FB-A388BA4DE6C6}.Debug|x64.ActiveCfg = Debug|x64
		{B52CF58C-652D-412B-83FB-A388BA4DE6C6}.Debug|x64.Build.0 = Debug|x64
		{B52CF58C-652D-412B-83FB-A388BA4DE6C6}.Debug|x86.ActiveCfg = Debug|Win32
		{B52CF58C-652D-412B-83FB-A388BA4DE6C6}.Debug|x86.Build.0 = Debug|Win32
		{B52CF58C-652D-412B-83FB-A388BA4DE6C6}.Profile|x64.ActiveCfg = Release|x64
		{B52CF58C-652D-412B-83FB-A388BA4DE6C6}.Profile|x64.Build.0 = Release|x64
		{B52CF58C-652D-412B-83FB-A388BA4DE6C6}.Profile|x86.ActiveCfg = Release|Win32
		{B52CF58C-652D-412B-83FB-A388BA4DE6C6}.Profile|x86.Build.0 = Release|Win32
		{B52CF58C-652D-412B-83FB-A388BA4DE6C6}.Release|x64.ActiveCfg = Release|x64
		{B52CF58C-652D-412B-83FB-A388BA4DE6C6}.Release|x64.Build.0 = Release|x64
		{B52CF58C-652D-412B-83FB-A388BA4DE6C6}.Release|x86.ActiveCfg = Release|Win32
		{B52CF58C-652D-412B-83FB-A388BA4DE6C6}.Release|x86.Build.0 = Release|Win32
		{70FE429F-770C-4956-BD15-7D31FC00F71D}.Debug|x64.ActiveCfg = Debug|x64
		{70FE429F-770C-4956-BD15-7D31FC00F71D}.Debug|x64.Build.0 = Debug|x64
		{70FE429F-770C-4956-BD15-7D31FC00F71D}.Debug|x86.ActiveCfg = Debug|Win32
		{70FE429F-770C-4956-BD15-7D31FC00F71D}.Debug|x86.Build.0 = Debug|Win32
		{70FE429F-770C-4956-BD15-7D31FC00F71D}.Profile|x64.ActiveCfg = Release|x64
		{70FE429F-770C-4956-BD15-7D31FC00F71D}.Profile|x64.Build.0 = Release|x64
		{70FE429F-770C-4956-BD15-7D31FC00F71D}.Profile|x86.ActiveCfg = Release|Win32
		{70FE429F-770C-4956-BD15-7D31FC00F71D}.Profile|x86.Build.0 = Release|Win32
		{70FE429F-770C-4956-BD15-7D31FC00F71D}.Release|x64.ActiveCfg = Release|x64
		{70FE429F-770C-4956-BD15-7D31FC00F71D}.Release|x64.Build.0 = Release|x64
		{70FE429F-770C-4956-BD15-7D31FC00F71D}.Release|x86.ActiveCfg = Release|Win32
		{70FE429F-770C-4956-BD15-7D31FC00F71D}.Release|x86.Build.0 = Release|Win32
		{0F8CCEB3-1D0F-44A5-8E20-4A1E5EED9672}.Debug|x64.ActiveCfg = Debug|x64
		{0F8CCEB3-1D0F-44A5-8E20-4A1E5EED9672}.Debug|x64.Build.0 = Debug|x64
		{0F8CCEB3-1D0F-44A5-8E20-4A1E5EED9672}.Debug|x86.ActiveCfg = Debug|Win32
		{0F8CCEB3-1D0F-44A5-8E20-4A1E5EED9672}.Debug|x86.Build.0 = Debug|Win32
		{0F8CCEB3-1D0F-44A5-8E20-4A1E5EED9672}.Profile|x64.ActiveCfg = Release|x64
		{0F8CCEB3-1D0F-44A5-8E20-4A1E5EED9672}.Profile|x64.Build.0 = Release|x64
		{0F8CCEB3-1D0F-44A5-8E20-4A1E5EED9672}.Profile|x86.ActiveCfg = Release|Win32
		{0F8CCEB3-1D0F-44A5-8E20-4A1E5EED9672}.Profile|x86.Build.0 = Release|Win32
		{0F8CCEB3-1D0F-44A5-8E20-4A1E5EED9672}.Release|x64.ActiveCfg = Release|x64
		{0F8CCEB3-1D0F-44A5-8E20-4A1E5EED9672}.Release|x64.Build.0 = Release|x64
		{0F8CCEB3-1D0F-44A5-8E20-4A1E5EED9672}.Release|x86.ActiveCfg = Release|Win32
		{0F8CCEB3-1D0F-44A5-8E20-4A1E5EED9672}.Release|x86.Build.0 = Release|Win32
		{B3EFA6AD-55F1-4D3A-B904-6F1ADAF89B41}.Debug|x64.ActiveCfg = Debug|x64
		{B3EFA6AD-55F1-4D3A-B904-6F1ADAF89B41}.Debug|x64.Build.0 = Debug|x64
		{B3EFA6AD-55F1-4D3A-B904-6F1ADAF89B41}.Debug|x86.ActiveCfg = Debug|Win32
		{B3EFA6AD-55F1-4D3A-B904-6F1ADAF89B41}.Debug|x86.Build.0 = Debug|Win32
		{B3EFA6AD-55F1-4D3A-B904-6F1ADAF89B41}.Profile|x64.ActiveCfg = Release|x64
		{B3EFA6AD-55F1-4D3A-B904-6F1ADAF89B41}.Profile|x64.Build.0 = Release|x64
		{B3EFA6AD-55F1-4D3A-B904-6F1ADAF89B41}.Profile|x86.ActiveCfg = Release|Win32
		{B3EFA6AD-55F1-4D3A-B904-6F1ADAF89B41}.Profile|x86.Build.0 = Release|Win32
		{B3EFA6AD-55F1-4D3A-B904-6F1ADAF89B41}.Release|x64.ActiveCfg = Release|x64
		{B3EFA6AD-55F1-4D3A-B904-6F1ADAF89B41}.Release|x64.Build.0 = Release|x64
		{B3EFA6AD-55F1-4D3A-B904-6F1ADAF89B41}.Release|x86.ActiveCfg = Release|Win32
		{B3EFA6AD-55F1-4D3A-B904-6F1ADAF89B41}.Release|x86.Build.0 = Release|Win32
		{72534B2A-3F08-4603-97D8-6523F6EB2267}.Debug|x64.ActiveCfg = Debug|x64
		{72534B2A-3F08-4603-97D8-6523F6EB2267}.Debug|x64.Build.0 = Debug|x64
		{72534B2A-3F08-4603-97D8-6523F6EB2267}.Debug|x86.ActiveCfg = Debug|Win32
		{72534B2A-3F08-4603-97D8-6523F6EB2267}.Debug|x86.Build.0 = Debug|Win32
		{72534B2A-3F08-4603-97D8-6523F6EB2267}.Profile|x64.ActiveCfg = Release|x64
		{72534B2A-3F08-4603-97D8-6523F6EB2267}.Profile|x64.Build.0 = Release|x64
		{72534B2A-3F08-4603-97D8-6523F6EB2267}.Profile|x86.ActiveCfg = Release|Win32
		{72534B2A-3F08-4603-97D8-6523F6EB2267}.Profile|x86.Build.0 = Release|Win32
		{72534B2A-3F08-4603-97D8-6523F6EB2267}.Release|x64.ActiveCfg = Release|x64
		{72534B2A-3F08-4603-97D8-6523F6EB2267}.Release|x64.Build.0 = Release|x64
		{72534B2A-3F08-4603-97D8-6523F6EB2267}.Release|x86.ActiveCfg = Release|Win32
		{72534B2A-3F08-4603-97D8-6523F6EB2267}.Release|x86.Build.0 = Release|Win32
		{1B048E3E-1E3C-499D-95BB-E37CCE5B274D}.Debug|x64.ActiveCfg = Debug|x64
		{1B048E3E-1E3C-499D-95BB-E37CCE5B274D}.Debug|x64.Build.0 = Debug|x64
		{1B048E3E-1E3C-499D-95BB-E37CCE5B274D}.Debug|x86.ActiveCfg = Debug|Win32
		{1B048E3E-1E3C-499D-95BB-E37CCE5B274D}.Debug|x86.Build.0 = Debug|Win32
		{1B048E3E-1E3C-499D-95BB-E37CCE5B274D}.Profile|x64.ActiveCfg = Release|x64
		{1B048E3E-1E3C-499D-95BB-E37CCE5B274D}.Profile|x64.Build.0 = Release|x64
		{1B048E3E-1E3C-499D-95BB-E37CCE5B274D}.Profile|x86.ActiveCfg = Release|Win32
		{1B048E3E-1E3C-499D-95BB-E37CCE5B274D}.Profile|x86.Build.0 = Release|Win32
		{1B048E3E-1E3C-499D-95BB-E37CCE5B274D}.Release|x64.ActiveCfg = Release|x64
		{1B048E3E-1E3C-499D-95BB-E37CCE5B274D}.Release|x64.Build.0 = Release|x64
		{1B048E3E-1E3C-499D-95BB-E37CCE5B274D}.Release|x86.ActiveCfg = Release|Win32
		{1B048E3E-1E3C-499D-95BB-E37CCE5B274D}.Release|x86.Build.0 = Release|Win32
		{8A5673A6-C47F-411E-BA1D-9A694BF5A0A9}.Debug|x64.ActiveCfg = Debug|x64
		{8A5673A6-C47F-411E-BA1D-9A694BF5A0A9}.Debug|x64.Build.0 = Debug|x64
		{8A5673A6-C47F-411E-BA1D-9A694BF5A0A9}.Debug|x86.ActiveCfg = Debug|Win32
		{8A5673A6-C47F-411E-BA1D-9A694BF5A0A9}.Debug|x86.Build.0 = Debug|Win32
		{8A5673A6-C47F-411E-BA1D-9A694BF5A0A9}.Profile|x64.ActiveCfg = Release|x64
		{8A5673A6-C47F-411E-BA1D-9A694BF5A0A9}.Profile|x64.Build.0 = Release|x64
		{8A5673A6-C47F-411E-BA1D-9A694BF5A0A9}.Profile|x86.ActiveCfg = Release|Win32
		{8A5673A6-C47F-411E-BA1D-9A694BF5A0A9}.Profile|x86.Build.0 = Release|Win32
		{8A5673A6-C47F-411E-BA1D-9A694BF5A0A9}.Release|x64.ActiveCfg = Release|x64
		{8A5673A6-C47F-411E-BA1D-9A694BF5A0A9}.Release|x64.Build.0 = Release|x64
		{8A5673A6-C47F-411E-BA1D-9A694BF5A0A9}.Release|x86.ActiveCfg = Release|Win32
		{8A5673A6-C47F-411E-BA1D-9A694BF5A0A9}.Release|x86.Build.0 = Release|Win32
		{632F5664-7A86-46A3-BEC6-1013A473BB0C}.Debug|x64.ActiveCfg = Debug|x64
		{632F5664-7A86-46A3-BEC6-1013A473BB0C}.Debug|x64.Build.0 = Debug|x64
		{632F5664-7A86-46A3-BEC6-1013A473BB0C}.Debug|x86.ActiveCfg = Debug|Win32
		{632F5664-7A86-46A3-BEC6-1013A473BB0C}.Debug|x86.Build.0 = Debug|Win32
		{632F5664-7A86-46A3-BEC6-1013A473BB0C}.Profile|x64.ActiveCfg = Release|x64
		{632F5664-7A86-46A3-BEC6-1013A473BB0C}.Profile|x64.Build.0 = Release|x64
		{632F5664-7A86-46A3-BEC6-1013A473BB0C}.Profile|x86.ActiveCfg = Release|Win32
		{632F5664-7A86-46A3-BEC6-1013A473BB0C}.Profile|x86.Build.0 = Release|Win32
		{632F5664-7A86-46A3-BEC6-1013A473BB0C}.Release|x64.ActiveCfg = Release|x64
		{632F5664-7A86-46A3-BEC6-1013A473BB0C}.Release|x64.Build.0 = Release|x64
		{632F5664-7A86-46A3-BEC6-1013A473BB0C}.Release|x86.ActiveCfg = Release|Win32
		{632F5664-7A86-46A3-BEC6-1013A473BB0C}.Release|x86.Build.0 = Release|Win32
		{D3D09108-96D0-4629-88B8-122C0256058C}.Debug|x64.ActiveCfg = Debug|x64
		{D3D09108-96D0-4629-88B8-122C0256058C}.Debug|x64.Build.0 = Debug|x64
		{D3D09108-96D0-4629-88B8-122C0256058C}.Debug|x86.ActiveCfg = Debug|Win32
		{D3D09108-96D0-4629-88B8-122C0256058C}.Debug|x86.Build.0 = Debug|Win32
		{D3D09108-96D0-4629-88B8-122C0256058C}.Profile|x64.ActiveCfg = Profile|x64
		{D3D09108-96D0-4629-88B8-122C0256058C}.Profile|x64.Build.0 = Profile|x64
		{D3D09108-96D0-4629-88B8-122C0256058C}.Profile|x86.ActiveCfg = Profile|Win32
		{D3D09108-96D0-4629-88B8-122C0256058C}.Profile|x86.Build.0 = Profile|Win32
		{D3D09108-96D0-4629-88B8-122C0256058C}.Release|x64.ActiveCfg = Release|x64
		{D3D09108-96D0-4629-88B8-122C0256058C}.Release|x64.Build.0 = Release|x64
		{D3D09108-96D0-4629-88B8-122C0256058C}.Release|x86.ActiveCfg = Release|Win32
		{D3D09108-96D0-4629-88B8-122C0256058C}.Release|x86.Build.0 = Release|Win32
		{93F1BF40-4C3A-486E-AAD1-F04A1CBA3A33}.Debug|x64.ActiveCfg = Debug|x64
		{93F1BF40-4C3A-486E-AAD1-F04A1CBA3A33}.Debug|x64.Build.0 = Debug|x64
		{93F1BF40-4C3A-486E-AAD1-F04A1CBA3A33}.Debug|x86.ActiveCfg = Debug|Win32
		{93F1BF40-4C3A-486E-AAD1-F04A1CBA3A33}.Debug|x86.Build.0 = Debug|Win32
		{93F1BF40-4C3A-486E-AAD1-F04A1CBA3A33}.Profile|x64.ActiveCfg = Release|x64
		{93F1BF40-4C3A-486E-AAD1-F04A1CBA3A33}.Profile|x64.Build.0 = Release|x64
		{93F1BF40-4C3A-486E-AAD1-F04A1CBA3A33}.Profile|x86.ActiveCfg = Release|Win32
		{93F1BF40-4C3A-486E-AAD1-F04A1CBA3A33}.Profile|x86.Build.0 = Release|Win32
		{93F1BF40-4C3A-486E-AAD1-F04A1CBA3A33}.Release|x64.ActiveCfg = Release|x64
		{93F1BF40-4C3A-486E-AAD1-F04A1CBA3A33}.Release|x64.Build.0 = Release|x64
		{93F1BF40-4C3A-486E-AAD1-F04A1CBA3A33}.Release|x86.ActiveCfg = Release|Win32
		{93F1BF40-4C3A-486E-AAD1-F04A1CBA3A33}.Release|x86.Build.0 = Release|Win32
		{C00D223E-E3C0-48AB-9F1E-35A4DB83015E}.Debug|x64.ActiveCfg = Debug|x64
		{C00D223E-E3C0-48AB-9F1E-35A4DB83015E}.Debug|x64.Build.0 = Debug|x64
		{C00D223E-E3C0-48AB-9F1E-35A4DB83015E}.Debug|x86.ActiveCfg = Debug|Win32
		{C00D223E-E3C0-48AB-9F1E-35A4DB83015E}.Debug|x86.Build.0 = Debug|Win32
		{C00D223E-E3C0-48AB-9F1E-35A4DB83015E}.Profile|x64.ActiveCfg = Release|x64
		{C00D223E-E3C0-48AB-9F1E-35A4DB83015E}.Profile|x64.Build.0 = Release|x64
		{C00D223E-E3C0-48AB-9F1E-35A4DB83015E}.Profile|x86.ActiveCfg = Release|Win32
		{C00D223E-E3C0-48AB-9F1E-35A4DB83015E}.Profile|x86.Build.0 = Release|Win32
		{C00D223E-E3C0-48AB-9F1E-35A4DB83015E}.Release|x64.ActiveCfg = Release|x64
		{C00D223E-E3C0-48AB-9F1E-35A4DB83015E}.Release|x64.Build.0 = Release|x64
		{C00D223E-E3C0-48AB-9F1E-35A4DB83015E}.Release|x86.ActiveCfg = Release|Win32
		{C00D223E-E3C0-48AB-9F1E-35A4DB83015E}.Release|x86.Build.0 = Release|Win32
		{4614F0BB-A6B7-4073-96D8-D717C2BFD4CD}.Debug|x64.ActiveCfg = Debug|x64
		{4614F0BB-A6B7-4073-96D8-D717C2BFD4CD}.Debug|x64.Build.0 = Debug|x64
		{4614F0BB-A6B7-4073-96D8-D717C2BFD4CD}.Debug|x86.ActiveCfg = Debug|Win32
		{4614F0BB-A6B7-4073-96D8-D717C2BFD4CD}.Debug|x86.Build.0 = Debug|Win32
		{4614F0BB-A6B7-4073-96D8-D717C2BFD4CD}.Profile|x64.ActiveCfg = Release|x64
		{4614F0BB-A6B7-4073-96D8-D717C2BFD4CD}.Profile|x64.Build.0 = Release|x64
		{4614F0BB-A6B7-4073-96D8-D717C2BFD4CD}.Profile|x86.ActiveCfg = Release|Win32
		{4614F0BB-A6B7-4073-96D8-D717C2BFD4CD}.Profile|x86.Build.0 = Release|Win32
		{4614F0BB-A6B7-4073-96D8-D717C2BFD4CD}.Release|x64.ActiveCfg = Release|x64
		{4614F0BB-A6B7-4073-96D8-D717C2BFD4CD}.Release|x64.Build.0 = Release|x64
		{4614F0BB-A6B7-4073-96D8-D717C2BFD4CD}.Release|x86.ActiveCfg = Release|Win32
		{4614F0BB-A6B7-4073-96D8-D717C2BFD4CD}.Release|x86.Build.0 = Release|Win32
		{C369197F-B4F9-45C0-A2AC-9234FC13EC6F}.Debug|x64.ActiveCfg = Debug|x64
		{C369197F-B4F9-45C0-A2AC-9234FC13EC6F}.Debug|x64.Build.0 = Debug|x64
		{C369197F-B4F9-45C0-A2AC-9234FC13EC6F}.Debug|x86.ActiveCfg = Debug|Win32
		{C369197F-B4F9-45C0-A2AC-9234FC13EC6F}.Debug|x86.Build.0 = Debug|Win32
		{C369197F-B4F9-45C0-A2AC-9234FC13EC6F}.Profile|x64.ActiveCfg = Release|x64
		{C369197F-B4F9-45C0-A2AC-9234FC13EC6F}.Profile|x64.Build.0 = Release|x64
		{C369197F-B4F9-45C0-A2AC-9234FC13EC6F}.Profile|x86.ActiveCfg = Release|Win32
		{C369197F-B4F9-45C0-A2AC-9234FC13EC6F}.Profile|x86.Build.0 = Release|Win32
		{C369197F-B4F9-45C0-A2AC-9234FC13EC6F}.Release|x64.ActiveCfg = Release|x64
		{C369197F-B4F9-45C0-A2AC-9234FC13EC6F}.Release|x64.Build.0 = Release|x64
		{C369197F-B4F9-45C0-A2AC-9234FC13EC6F}.Release|x86.ActiveCfg = Release|Win32
		{C369197F-B4F9-45C0-A2AC-9234FC13EC6F}.Release|x86.Build.0 = Release|Win32
		{0D58E4F5-41B4-4BB6-ADB5-A14E019B7AB0}.Debug|x64.ActiveCfg = Debug|x64
		{0D58E4F5-41B4-4BB6-ADB5-A14E019B7AB0}.Debug|x64.Build.0 = Debug|x64
		{0D58E4F5-41B4-4BB6-ADB5-A14E019B7AB0}.Debug|x86.ActiveCfg = Debug|Win32
		{0D58E4F5-41B4-4BB6-ADB5-A14E019B7AB0}.Debug|x86.Build.0 = Debug|Win32
		{0D58E4F5-41B4-4BB6-ADB5-A14E019B7AB0}.Profile|x64.ActiveCfg = Release|x64
		{0D58E4F5-41B4-4BB6-ADB5-A14E019B7AB0}.Profile|x64.Build.0 = Release|x64
		{0D58E4F5-41B4-4BB6-ADB5-A14E019B7AB0}.Profile|x86.ActiveCfg = Release|Win32
		{0D58E4F5-41B4-4BB6-ADB5-A14E019B7AB0}.Profile|x86.Build.0 = Release|Win32
		{0D58E4F5-41B4-4BB6-ADB5-A14E019B7AB0}.Release|x64.ActiveCfg = Release|x64
		{0D58E4F5-41B4-4BB6-ADB5-A14E019B7AB0}.Release|x64.Build.0 = Release|x64
		{0D58E4F5-41B4-4BB6-ADB5-A14E019B7AB0}.Release|x86.ActiveCfg = Release|Win32
		{0D58E4F5-41B4-4BB6-ADB5-A14E019B7AB0}.Release|x86.Build.0 = Release|Win32
		{4628DACF-F695-4467-A514-935D9D2D53B4}.Debug|x64.ActiveCfg = Debug|x64
		{4628DACF-F695-4467-A514-935D9D2D53B4}.Debug|x64.Build.0 = Debug|x64
		{4628DACF-F695-4467-A514-935D9D2D53B4}.Debug|x86.ActiveCfg = Debug|Win32
		{4628DACF-F695-4467-A514-935D9D2D53B4}.Debug|x86.Build.0 = Debug|Win32
		{4628DACF-F695-4467-A514-935D9D2D53B4}.Profile|x64.ActiveCfg = Release|x64
		{4628DACF-F695-4467-A514-935D9D2D53B4}.Profile|x64.Build.0 = Release|x64
		{4628DACF-F695-4467-A514-935D9D2D53B4}.Profile|x86.ActiveCfg = Release|Win32
		{4628DACF-F695-4467-A514-935D9D2D53B4}.Profile|x86.Build.0 = Release|Win32
		{4628DACF-F695-4467-A514-935D9D2D53B4}.Release|x64.ActiveCfg = Release|x64
		{4628DACF-F695-4467-A514-935D9D2D53B4}.Release|x64.Build.0 = Release|x64
		{4628DACF-F695-4467-A514-935D9D2D53B4}.Release|x86.ActiveCfg = Release|Win32
		{4628DACF-F695-4467-A514-935D9D2D53B4}.Release|x86.Build.0 = Release|Win32
		{76F0F685-1CD5-4BED-BE9E-6A4B4AA4025F}.Debug|x64.ActiveCfg = Debug|x64
		{76F0F685-1CD5-4BED-BE9E-6A4B4AA4025F}.Debug|x64.Build.0 = Debug|x64
		{76F0F685-1CD5-4BED-BE9E-6A4B4AA4025F}.Debug|x86.ActiveCfg = Debug|Win32
		{76F0F685-1CD5-4BED-BE9E-6A4B4AA4025F}.Debug|x86.Build.0 = Debug|Win32
		{76F0F685-1CD5-4BED-BE9E-6A4B4AA4025F}.Profile|x64.ActiveCfg = Release|x64
		{76F0F685-1CD5-4BED-BE9E-6A4B4AA4025F}.Profile|x64.Build.0 = Release|x64
		{76F0F685-1CD5-4BED-BE9E-6A4B4AA4025F}.Profile|x86.ActiveCfg = Release|Win32
		{76F0F685-1CD5-4BED-BE9E-6A4B4AA4025F}.Profile|x86.Build.0 = Release|Win32
		{76F0F685-1CD5-4BED-BE9E-6A4B4AA4025F}.Release|x64.ActiveCfg = Release|x64
		{76F0F685-1CD5-4BED-BE9E-6A4B4AA4025F}.Release|x64.Build.0 = Release|x64
		{76F0F685-1CD5-4BED-BE9E-6A4B4AA4025F}.Release|x86.ActiveCfg = Release|Win32
		{76F0F685-1CD5-4BED-BE9E-6A4B4AA4025F}.Release|x86.Build.0 = Release|Win32
		{161B34FA-20E6-4465-A558-41F1CD58EB9C}.Debug|x64.ActiveCfg = Debug|x64
		{161B34FA-20E6-4465-A558-41F1CD58EB9C}.Debug|x64.Build.0 = Debug|x64
		{161B34FA-20E6-4465-A558-41F1CD58EB9C}.Debug|x86.ActiveCfg = Debug|Win32
		{161B34FA-20E6-4465-A558-41F1CD58EB9C}.Debug|x86.Build.0 = Debug|Win32
		{161B34FA-20E6-4465-A558-41F1CD58EB9C}.Profile|x64.ActiveCfg = Release|x64
		{161B34FA-20E6-4465-A558-41F1CD58EB9C}.Profile|x64.Build.0 = Release|x64
		{161B34FA-20E6-4465-A558-41F1CD58EB9C}.Profile|x86.ActiveCfg = Release|Win32
		{161B34FA-20E6-4465-A558-41F1CD58EB9C}.Profile|x86.Build.0 = Release|Win32
		{161B34FA-20E6-4465-A558-41F1CD58EB9C}.Release|x64.ActiveCfg = Release|x64
		{161B34FA-20E6-4465-A558-41F1CD58EB9C}.Release|x64.Build.0 = Release|x64
		{161B34FA-20E6-4465-A558-41F1CD58EB9C}.Release|x86.ActiveCfg = Release|Win32
		{161B34FA-20E6-4465-A558-41F1CD58EB9C}.Release|x86.Build.0 = Release|Win32
	EndGlobalSection
	GlobalSection(SolutionProperties) = preSolution
		HideSolutionNode = FALSE
	EndGlobalSection
	GlobalSection(ExtensibilityGlobals) = postSolution
		SolutionGuid = {262837A1-55AF-48FA-9809-2C8BDF6E639B}
	EndGlobalSection
EndGlobal
