
Microsoft Visual Studio Solution File, Format Version 12.00
# Visual Studio 15
VisualStudioVersion = 15.0.27428.2037
MinimumVisualStudioVersion = 10.0.40219.1
Project("{8BC9CEB8-8B4A-11D0-8D11-00A0C91BC942}") = "Tut01_CreateDevice", "Tut01_CreateDevice\Tut01_CreateDevice.vcxproj", "{B52CF58C-652D-412B-83FB-A388BA4DE6C6}"
EndProject
Project("{8BC9CEB8-8B4A-11D0-8D11-00A0C91BC942}") = "Tut02_Vertices", "Tut02_Vertices\Tut02_Vertices.vcxproj", "{70FE429F-770C-4956-BD15-7D31FC00F71D}"
EndProject
Project("{8BC9CEB8-8B4A-11D0-8D11-00A0C91BC942}") = "Tut03_Matrices", "Tut03_Matrices\Tut03_Matrices.vcxproj", "{0F8CCEB3-1D0F-44A5-8E20-4A1E5EED9672}"
EndProject
Project("{8BC9CEB8-8B4A-11D0-8D11-00A0C91BC942}") = "Tut04_Lights", "Tut04_Lights\Tut04_Lights.vcxproj", "{B3EFA6AD-55F1-4D3A-B904-6F1ADAF89B41}"
EndProject
Project("{8BC9CEB8-8B4A-11D0-8D11-00A0C91BC942}") = "Tut05_Textures", "Tut05_Textures\Tut05_Textures.vcxproj", "{72534B2A-3F08-4603-97D8-6523F6EB2267}"
EndProject
Global
	GlobalSection(SolutionConfigurationPlatforms) = preSolution
		Debug|x64 = Debug|x64
		Debug|x86 = Debug|x86
		Release|x64 = Release|x64
		Release|x86 = Release|x86
	EndGlobalSection
	GlobalSection(ProjectConfigurationPlatforms) = postSolution
		{B52CF58C-652D-412B-83FB-A388BA4DE6C6}.Debug|x64.ActiveCfg = Debug|x64
		{B52CF58C-652D-412B-83FB-A388BA4DE6C6}.Debug|x64.Build.0 = Debug|x64
		{B52CF58C-652D-412B-83FB-A388BA4DE6C6}.Debug|x86.ActiveCfg = Debug|Win32
		{B52CF58C-652D-412B-83FB-A388BA4DE6C6}.Debug|x86.Build.0 = Debug|Win32
		{B52CF58C-652D-412B-83FB-A388BA4DE6C6}.Release|x64.ActiveCfg = Release|x64
		{B52CF58C-652D-412B-83FB-A388BA4DE6C6}.Release|x64.Build.0 = Release|x64
		{B52CF58C-652D-412B-83FB-A388BA4DE6C6}.Release|x86.ActiveCfg = Release|Win32
		{B52CF58C-652D-412B-83FB-A388BA4DE6C6}.Release|x86.Build.0 = Release|Win32
		{70FE429F-770C-4956-BD15-7D31FC00F71D}.Debug|x64.ActiveCfg = Debug|x64
		{70FE429F-770C-4956-BD15-7D31FC00F71D}.Debug|x64.Build.0 = Debug|x64
		{70FE429F-770C-4956-BD15-7D31FC00F71D}.Debug|x86.ActiveCfg = Debug|Win32
		{70FE429F-770C-4956-BD15-7D31FC00F71D}.Debug|x86.Build.0 = Debug|Win32
		{70FE429F-770C-4956-BD15-7D31FC00F71D}.Release|x64.ActiveCfg = Release|x64
		{70FE429F-770C-4956-BD15-7D31FC00F71D}.Release|x64.Build.0 = Release|x64
		{70FE429F-770C-4956-BD15-7D31FC00F71D}.Release|x86.ActiveCfg = Release|Win32
		{70FE429F-770C-4956-BD15-7D31FC00F71D}.Release|x86.Build.0 = Release|Win32
		{0F8CCEB3-1D0F-44A5-8E20-4A1E5EED9672}.Debug|x64.ActiveCfg = Debug|x64
		{0F8CCEB3-1D0F-44A5-8E20-4A1E5EED9672}.Debug|x64.Build.0 = Debug|x64
		{0F8CCEB3-1D0F-44A5-8E20-4A1E5EED9672}.Debug|x86.ActiveCfg = Debug|Win32
		{0F8CCEB3-1D0F-44A5-8E20-4A1E5EED9672}.Debug|x86.Build.0 = Debug|Win32
		{0F8CCEB3-1D0F-44A5-8E20-4A1E5EED9672}.Release|x64.ActiveCfg = Release|x64
		{0F8CCEB3-1D0F-44A5-8E20-4A1E5EED9672}.Release|x64.Build.0 = Release|x64
		{0F8CCEB3-1D0F-44A5-8E20-4A1E5EED9672}.Release|x86.ActiveCfg = Release|Win32
		{0F8CCEB3-1D0F-44A5-8E20-4A1E5EED9672}.Release|x86.Build.0 = Release|Win32
		{B3EFA6AD-55F1-4D3A-B904-6F1ADAF89B41}.Debug|x64.ActiveCfg = Debug|x64
		{B3EFA6AD-55F1-4D3A-B904-6F1ADAF89B41}.Debug|x64.Build.0 = Debug|x64
		{B3EFA6AD-55F1-4D3A-B904-6F1ADAF89B41}.Debug|x86.ActiveCfg = Debug|Win32
		{B3EFA6AD-55F1-4D3A-B904-6F1ADAF89B41}.Debug|x86.Build.0 = Debug|Win32
		{B3EFA6AD-55F1-4D3A-B904-6F1ADAF89B41}.Release|x64.ActiveCfg = Release|x64
		{B3EFA6AD-55F1-4D3A-B904-6F1ADAF89B41}.Release|x64.Build.0 = Release|x64
		{B3EFA6AD-55F1-4D3A-B904-6F1ADAF89B41}.Release|x86.ActiveCfg = Release|Win32
		{B3EFA6AD-55F1-4D3A-B904-6F1ADAF89B41}.Release|x86.Build.0 = Release|Win32
		{72534B2A-3F08-4603-97D8-6523F6EB2267}.Debug|x64.ActiveCfg = Debug|x64
		{72534B2A-3F08-4603-97D8-6523F6EB2267}.Debug|x64.Build.0 = Debug|x64
		{72534B2A-3F08-4603-97D8-6523F6EB2267}.Debug|x86.ActiveCfg = Debug|Win32
		{72534B2A-3F08-4603-97D8-6523F6EB2267}.Debug|x86.Build.0 = Debug|Win32
		{72534B2A-3F08-4603-97D8-6523F6EB2267}.Release|x64.ActiveCfg = Release|x64
		{72534B2A-3F08-4603-97D8-6523F6EB2267}.Release|x64.Build.0 = Release|x64
		{72534B2A-3F08-4603-97D8-6523F6EB2267}.Release|x86.ActiveCfg = Release|Win32
		{72534B2A-3F08-4603-97D8-6523F6EB2267}.Release|x86.Build.0 = Release|Win32
	EndGlobalSection
	GlobalSection(SolutionProperties) = preSolution
		HideSolutionNode = FALSE
	EndGlobalSection
	GlobalSection(ExtensibilityGlobals) = postSolution
		SolutionGuid = {262837A1-55AF-48FA-9809-2C8BDF6E639B}
	EndGlobalSection
EndGlobal
